
Microsoft Visual Studio Solution File, Format Version 12.00
# Visual Studio Version 17
VisualStudioVersion = 17.0.32014.148
MinimumVisualStudioVersion = 10.0.40219.1
Project("{FAE04EC0-301F-11D3-BF4B-00C04F79EFBC}") = "laba10s", "laba10s\laba10s.csproj", "{C14248AA-B758-42A6-B046-5851755AD900}"
EndProject
Global
	GlobalSection(SolutionConfigurationPlatforms) = preSolution
		Debug|Any CPU = Debug|Any CPU
		Release|Any CPU = Release|Any CPU
	EndGlobalSection
	GlobalSection(ProjectConfigurationPlatforms) = postSolution
		{C14248AA-B758-42A6-B046-5851755AD900}.Debug|Any CPU.ActiveCfg = Debug|Any CPU
		{C14248AA-B758-42A6-B046-5851755AD900}.Debug|Any CPU.Build.0 = Debug|Any CPU
		{C14248AA-B758-42A6-B046-5851755AD900}.Release|Any CPU.ActiveCfg = Release|Any CPU
		{C14248AA-B758-42A6-B046-5851755AD900}.Release|Any CPU.Build.0 = Release|Any CPU
	EndGlobalSection
	GlobalSection(SolutionProperties) = preSolution
		HideSolutionNode = FALSE
	EndGlobalSection
	GlobalSection(ExtensibilityGlobals) = postSolution
		SolutionGuid = {F589F1FA-8863-445C-8C8B-C03445831849}
	EndGlobalSection
EndGlobal
